
Microsoft Visual Studio Solution File, Format Version 12.00
# Visual Studio 15
VisualStudioVersion = 15.0.28010.2026
MinimumVisualStudioVersion = 10.0.40219.1
Project("{FAE04EC0-301F-11D3-BF4B-00C04F79EFBC}") = "SolidPrin", "SolidPrin\SolidPrin.csproj", "{FC00DC88-6A26-481F-8299-829FED30CE6B}"
EndProject
Global
	GlobalSection(SolutionConfigurationPlatforms) = preSolution
		Debug|Any CPU = Debug|Any CPU
		Release|Any CPU = Release|Any CPU
	EndGlobalSection
	GlobalSection(ProjectConfigurationPlatforms) = postSolution
		{FC00DC88-6A26-481F-8299-829FED30CE6B}.Debug|Any CPU.ActiveCfg = Debug|Any CPU
		{FC00DC88-6A26-481F-8299-829FED30CE6B}.Debug|Any CPU.Build.0 = Debug|Any CPU
		{FC00DC88-6A26-481F-8299-829FED30CE6B}.Release|Any CPU.ActiveCfg = Release|Any CPU
		{FC00DC88-6A26-481F-8299-829FED30CE6B}.Release|Any CPU.Build.0 = Release|Any CPU
	EndGlobalSection
	GlobalSection(SolutionProperties) = preSolution
		HideSolutionNode = FALSE
	EndGlobalSection
	GlobalSection(ExtensibilityGlobals) = postSolution
		SolutionGuid = {C8D4C531-FB44-4D8E-B3F1-00586C97B03A}
	EndGlobalSection
EndGlobal
